
Microsoft Visual Studio Solution File, Format Version 12.00
# Visual Studio Version 17
VisualStudioVersion = 17.9.34723.18
MinimumVisualStudioVersion = 10.0.40219.1
Project("{FAE04EC0-301F-11D3-BF4B-00C04F79EFBC}") = "StringLibrary", "StringLibrary\StringLibrary.csproj", "{77BFF4BB-37A8-44D1-BD9B-EE033AE874AD}"
EndProject
Project("{FAE04EC0-301F-11D3-BF4B-00C04F79EFBC}") = "ShowCase", "ShowCase\ShowCase.csproj", "{762779FD-3B8B-4F4D-A467-A219FE3CEA1C}"
EndProject
Global
	GlobalSection(SolutionConfigurationPlatforms) = preSolution
		Debug|Any CPU = Debug|Any CPU
		Release|Any CPU = Release|Any CPU
	EndGlobalSection
	GlobalSection(ProjectConfigurationPlatforms) = postSolution
		{77BFF4BB-37A8-44D1-BD9B-EE033AE874AD}.Debug|Any CPU.ActiveCfg = Debug|Any CPU
		{77BFF4BB-37A8-44D1-BD9B-EE033AE874AD}.Debug|Any CPU.Build.0 = Debug|Any CPU
		{77BFF4BB-37A8-44D1-BD9B-EE033AE874AD}.Release|Any CPU.ActiveCfg = Release|Any CPU
		{77BFF4BB-37A8-44D1-BD9B-EE033AE874AD}.Release|Any CPU.Build.0 = Release|Any CPU
		{762779FD-3B8B-4F4D-A467-A219FE3CEA1C}.Debug|Any CPU.ActiveCfg = Debug|Any CPU
		{762779FD-3B8B-4F4D-A467-A219FE3CEA1C}.Debug|Any CPU.Build.0 = Debug|Any CPU
		{762779FD-3B8B-4F4D-A467-A219FE3CEA1C}.Release|Any CPU.ActiveCfg = Release|Any CPU
		{762779FD-3B8B-4F4D-A467-A219FE3CEA1C}.Release|Any CPU.Build.0 = Release|Any CPU
	EndGlobalSection
	GlobalSection(SolutionProperties) = preSolution
		HideSolutionNode = FALSE
	EndGlobalSection
	GlobalSection(ExtensibilityGlobals) = postSolution
		SolutionGuid = {FA209DA5-B8BF-45CB-BD66-87A25778D994}
	EndGlobalSection
EndGlobal
